
Microsoft Visual Studio Solution File, Format Version 12.00
# Visual Studio Version 17
VisualStudioVersion = 17.10.35122.118
MinimumVisualStudioVersion = 10.0.40219.1
Project("{8BC9CEB8-8B4A-11D0-8D11-00A0C91BC942}") = "练习", "练习\练习.vcxproj", "{219E1F48-1DB0-48C3-A6BB-D4380D48211B}"
EndProject
Global
	GlobalSection(SolutionConfigurationPlatforms) = preSolution
		Debug|x64 = Debug|x64
		Debug|x86 = Debug|x86
		Release|x64 = Release|x64
		Release|x86 = Release|x86
	EndGlobalSection
	GlobalSection(ProjectConfigurationPlatforms) = postSolution
		{219E1F48-1DB0-48C3-A6BB-D4380D48211B}.Debug|x64.ActiveCfg = Debug|x64
		{219E1F48-1DB0-48C3-A6BB-D4380D48211B}.Debug|x64.Build.0 = Debug|x64
		{219E1F48-1DB0-48C3-A6BB-D4380D48211B}.Debug|x86.ActiveCfg = Debug|Win32
		{219E1F48-1DB0-48C3-A6BB-D4380D48211B}.Debug|x86.Build.0 = Debug|Win32
		{219E1F48-1DB0-48C3-A6BB-D4380D48211B}.Release|x64.ActiveCfg = Release|x64
		{219E1F48-1DB0-48C3-A6BB-D4380D48211B}.Release|x64.Build.0 = Release|x64
		{219E1F48-1DB0-48C3-A6BB-D4380D48211B}.Release|x86.ActiveCfg = Release|Win32
		{219E1F48-1DB0-48C3-A6BB-D4380D48211B}.Release|x86.Build.0 = Release|Win32
	EndGlobalSection
	GlobalSection(SolutionProperties) = preSolution
		HideSolutionNode = FALSE
	EndGlobalSection
	GlobalSection(ExtensibilityGlobals) = postSolution
		SolutionGuid = {D900CD1D-28D7-4EAC-A29D-431599C11792}
	EndGlobalSection
EndGlobal
